
Microsoft Visual Studio Solution File, Format Version 12.00
# Visual Studio Version 16
VisualStudioVersion = 16.0.30611.23
MinimumVisualStudioVersion = 10.0.40219.1
Project("{FAE04EC0-301F-11D3-BF4B-00C04F79EFBC}") = "iotrouter", "iotrouter.csproj", "{98BEAAB8-2F8C-4AEA-AC32-A193BEF72A13}"
EndProject
Global
	GlobalSection(SolutionConfigurationPlatforms) = preSolution
		Debug|Any CPU = Debug|Any CPU
		Release|Any CPU = Release|Any CPU
	EndGlobalSection
	GlobalSection(ProjectConfigurationPlatforms) = postSolution
		{98BEAAB8-2F8C-4AEA-AC32-A193BEF72A13}.Debug|Any CPU.ActiveCfg = Debug|Any CPU
		{98BEAAB8-2F8C-4AEA-AC32-A193BEF72A13}.Debug|Any CPU.Build.0 = Debug|Any CPU
		{98BEAAB8-2F8C-4AEA-AC32-A193BEF72A13}.Release|Any CPU.ActiveCfg = Release|Any CPU
		{98BEAAB8-2F8C-4AEA-AC32-A193BEF72A13}.Release|Any CPU.Build.0 = Release|Any CPU
	EndGlobalSection
	GlobalSection(SolutionProperties) = preSolution
		HideSolutionNode = FALSE
	EndGlobalSection
	GlobalSection(ExtensibilityGlobals) = postSolution
		SolutionGuid = {D835482A-B11A-4501-A587-BD021D3B9F45}
	EndGlobalSection
EndGlobal
